
Microsoft Visual Studio Solution File, Format Version 11.00
# Visual Studio 2010
Project("{FAE04EC0-301F-11D3-BF4B-00C04F79EFBC}") = "Anael-s_Journey", "Assembly-CSharp-firstpass.csproj", "{DD778947-C571-FFE7-F969-5ABF97B675C9}"
EndProject
Project("{FAE04EC0-301F-11D3-BF4B-00C04F79EFBC}") = "Anael-s_Journey", "Assembly-CSharp.csproj", "{6C437560-19B9-E813-B005-431948C62598}"
EndProject
Project("{FAE04EC0-301F-11D3-BF4B-00C04F79EFBC}") = "Anael-s_Journey", "Assembly-CSharp-Editor-firstpass.csproj", "{70697D30-D298-1942-359B-784BF8E95D1D}"
EndProject
Project("{FAE04EC0-301F-11D3-BF4B-00C04F79EFBC}") = "Anael-s_Journey", "Assembly-CSharp-Editor.csproj", "{DF105C3A-E65C-B86D-1367-9478D8A1C9DD}"
EndProject
Global
	GlobalSection(SolutionConfigurationPlatforms) = preSolution
		Debug|Any CPU = Debug|Any CPU
		Release|Any CPU = Release|Any CPU
	EndGlobalSection
	GlobalSection(ProjectConfigurationPlatforms) = postSolution
		{DD778947-C571-FFE7-F969-5ABF97B675C9}.Debug|Any CPU.ActiveCfg = Debug|Any CPU
		{DD778947-C571-FFE7-F969-5ABF97B675C9}.Debug|Any CPU.Build.0 = Debug|Any CPU
		{DD778947-C571-FFE7-F969-5ABF97B675C9}.Release|Any CPU.ActiveCfg = Release|Any CPU
		{DD778947-C571-FFE7-F969-5ABF97B675C9}.Release|Any CPU.Build.0 = Release|Any CPU
		{6C437560-19B9-E813-B005-431948C62598}.Debug|Any CPU.ActiveCfg = Debug|Any CPU
		{6C437560-19B9-E813-B005-431948C62598}.Debug|Any CPU.Build.0 = Debug|Any CPU
		{6C437560-19B9-E813-B005-431948C62598}.Release|Any CPU.ActiveCfg = Release|Any CPU
		{6C437560-19B9-E813-B005-431948C62598}.Release|Any CPU.Build.0 = Release|Any CPU
		{70697D30-D298-1942-359B-784BF8E95D1D}.Debug|Any CPU.ActiveCfg = Debug|Any CPU
		{70697D30-D298-1942-359B-784BF8E95D1D}.Debug|Any CPU.Build.0 = Debug|Any CPU
		{70697D30-D298-1942-359B-784BF8E95D1D}.Release|Any CPU.ActiveCfg = Release|Any CPU
		{70697D30-D298-1942-359B-784BF8E95D1D}.Release|Any CPU.Build.0 = Release|Any CPU
		{DF105C3A-E65C-B86D-1367-9478D8A1C9DD}.Debug|Any CPU.ActiveCfg = Debug|Any CPU
		{DF105C3A-E65C-B86D-1367-9478D8A1C9DD}.Debug|Any CPU.Build.0 = Debug|Any CPU
		{DF105C3A-E65C-B86D-1367-9478D8A1C9DD}.Release|Any CPU.ActiveCfg = Release|Any CPU
		{DF105C3A-E65C-B86D-1367-9478D8A1C9DD}.Release|Any CPU.Build.0 = Release|Any CPU
	EndGlobalSection
	GlobalSection(SolutionProperties) = preSolution
		HideSolutionNode = FALSE
	EndGlobalSection
	GlobalSection(MonoDevelopProperties) = preSolution
		StartupItem = Assembly-CSharp.csproj
	EndGlobalSection
EndGlobal
